{
  "name": "be-switched",
  "version": "0.0.137",
  "lockfileVersion": 3,
  "requires": true,
  "packages": {
    "": {
      "name": "be-switched",
      "version": "0.0.137",
      "license": "MIT",
      "dependencies": {
        "assign-gingerly": "0.0.58",
        "be-hive": "0.1.15",
        "id-generation": "0.0.5",
        "mount-observer": "0.1.42",
        "nested-regex-groups": "0.0.7",
        "roundabout-lib": "0.0.25"
      },
      "devDependencies": {
        "@playwright/test": "1.61.1",
        "spa-ssi": "0.0.27"
      }
    },
    "node_modules/@playwright/test": {
      "version": "1.61.1",
      "resolved": "https://registry.npmjs.org/@playwright/test/-/test-1.61.1.tgz",
      "integrity": "sha512-8nKv6+0RJSL9FE4jYOEGXnPeM/Hg12qZpmqzZjRh3qM0Y7c3z1mrOTfFLids72RDQYVh9WpLEfR5WdpNX4fkig==",
      "dev": true,
      "license": "Apache-2.0",
      "dependencies": {
        "playwright": "1.61.1"
      },
      "bin": {
        "playwright": "cli.js"
      },
      "engines": {
        "node": ">=18"
      }
    },
    "node_modules/assign-gingerly": {
      "version": "0.0.58",
      "resolved": "https://registry.npmjs.org/assign-gingerly/-/assign-gingerly-0.0.58.tgz",
      "integrity": "sha512-cS3n20ZquRT66bx3VjGwSE62ATlnDrpcl+i3f9L93mT0QLkaozBqExX99v3pg1ZW+IV4OTDvzmfKLkMlihCEgg==",
      "license": "MIT"
    },
    "node_modules/be-hive": {
      "version": "0.1.15",
      "resolved": "https://registry.npmjs.org/be-hive/-/be-hive-0.1.15.tgz",
      "integrity": "sha512-UjooG7MHQamBElItluoODYmWTr22XAcpe76KyCvxIWn1D9zG3Q2xLyGsJPELsAkQCQhrMENrzx2yTYMIXywKbg==",
      "license": "MIT",
      "dependencies": {
        "mount-observer": "0.1.40",
        "nested-regex-groups": "0.0.6"
      }
    },
    "node_modules/be-hive/node_modules/assign-gingerly": {
      "version": "0.0.51",
      "resolved": "https://registry.npmjs.org/assign-gingerly/-/assign-gingerly-0.0.51.tgz",
      "integrity": "sha512-aHs6TYjhZbzwWJgogOK+3dpbuz7gk82jn0un1UdVLyobyTD1QZKwYz/nORavD/hsMT4Lcwhe/HO8sbQkkFZ/GQ==",
      "license": "MIT"
    },
    "node_modules/be-hive/node_modules/mount-observer": {
      "version": "0.1.40",
      "resolved": "https://registry.npmjs.org/mount-observer/-/mount-observer-0.1.40.tgz",
      "integrity": "sha512-GsMq/N3b4ywEyWrM2BVQ2CAi37qQ8grUAuZCQUnXtXMFJtGsA+of1CgSBsoIkfy1mSNINVjgk8TvQis/Q5r9xg==",
      "license": "MIT",
      "dependencies": {
        "assign-gingerly": "0.0.51",
        "id-generation": "0.0.5"
      }
    },
    "node_modules/be-hive/node_modules/nested-regex-groups": {
      "version": "0.0.6",
      "resolved": "https://registry.npmjs.org/nested-regex-groups/-/nested-regex-groups-0.0.6.tgz",
      "integrity": "sha512-pRy2Dewg1qNdY4Ur1FwoGUXSRuu8aNn1tSgmgk/2rpZ0JTqPlMOeyoY7/ZF0CdIf5fktCEdHR3NqFWiku9DEqg==",
      "license": "MIT"
    },
    "node_modules/fsevents": {
      "version": "2.3.2",
      "resolved": "https://registry.npmjs.org/fsevents/-/fsevents-2.3.2.tgz",
      "integrity": "sha512-xiqMQR4xAeHTuB9uWm+fFRcIOgKBMiOBP+eXiyT7jsgVCq1bkVygt00oASowB7EdtpOHaaPgKt812P9ab+DDKA==",
      "dev": true,
      "hasInstallScript": true,
      "license": "MIT",
      "optional": true,
      "os": [
        "darwin"
      ],
      "engines": {
        "node": "^8.16.0 || ^10.6.0 || >=11.0.0"
      }
    },
    "node_modules/id-generation": {
      "version": "0.0.5",
      "resolved": "https://registry.npmjs.org/id-generation/-/id-generation-0.0.5.tgz",
      "integrity": "sha512-o0iN5vSj0A8mKOHCvj63RyNXERrCMliaSHWLXvZnXLYZFQ9AMelQkFgP1HAd9eWCyXJiw1p6TPfIrPvY6Om2HQ==",
      "license": "MIT"
    },
    "node_modules/mount-observer": {
      "version": "0.1.42",
      "resolved": "https://registry.npmjs.org/mount-observer/-/mount-observer-0.1.42.tgz",
      "integrity": "sha512-iP6/XCwSmD8cMvfir9tO4JOMKS5L/rDlVff4jnzeckHa0iI7YQzQAHwfgoCmC6htv5typ4A5znj+qc9GgPPr3w==",
      "license": "MIT",
      "dependencies": {
        "assign-gingerly": "0.0.55",
        "id-generation": "0.0.5"
      }
    },
    "node_modules/mount-observer/node_modules/assign-gingerly": {
      "version": "0.0.55",
      "resolved": "https://registry.npmjs.org/assign-gingerly/-/assign-gingerly-0.0.55.tgz",
      "integrity": "sha512-4d6dmwOrqahM1OqPp6TpuGa/N80wm4qgb6Lo+wvUbGuIDvtuzZle+sYnzJYxw6Y4CHpGZI8BhNfRrr9qkTMsyA==",
      "license": "MIT"
    },
    "node_modules/nested-regex-groups": {
      "version": "0.0.7",
      "resolved": "https://registry.npmjs.org/nested-regex-groups/-/nested-regex-groups-0.0.7.tgz",
      "integrity": "sha512-tpSFBI/pJn2Tja3weayle2vU+E4ZW9xRGnes1vqRUbD9ifJk9MkFPx2mevbpVWfHM9jO/bDPLVbgViRrEqPXpA==",
      "license": "MIT"
    },
    "node_modules/playwright": {
      "version": "1.61.1",
      "resolved": "https://registry.npmjs.org/playwright/-/playwright-1.61.1.tgz",
      "integrity": "sha512-DWnY5o3YbLWK4GovuAVwpqL+1VwGNdUGrRr++8j8PtQQzvAVZUIMjKQ90fY689sEJZJBbZVw1rXaOKSTitkzPQ==",
      "dev": true,
      "license": "Apache-2.0",
      "dependencies": {
        "playwright-core": "1.61.1"
      },
      "bin": {
        "playwright": "cli.js"
      },
      "engines": {
        "node": ">=18"
      },
      "optionalDependencies": {
        "fsevents": "2.3.2"
      }
    },
    "node_modules/playwright-core": {
      "version": "1.61.1",
      "resolved": "https://registry.npmjs.org/playwright-core/-/playwright-core-1.61.1.tgz",
      "integrity": "sha512-h7Qlt6m4REp25qvIdvbDtVmD4LqVXfpRxhORv9L0jzETM05p4fuPJ3dKyuSXQxDSbXnmS79HAgi9589lGSpLkg==",
      "dev": true,
      "license": "Apache-2.0",
      "bin": {
        "playwright-core": "cli.js"
      },
      "engines": {
        "node": ">=18"
      }
    },
    "node_modules/roundabout-lib": {
      "version": "0.0.25",
      "resolved": "https://registry.npmjs.org/roundabout-lib/-/roundabout-lib-0.0.25.tgz",
      "integrity": "sha512-fnk07cNY7rxU9p9Rk/UPZpZJzuBOvCbmR12T/AbMIXkrU2LMFbslfB/Sv28xsUpqTauVPd6LmQambBX+nx5nOA==",
      "license": "MIT",
      "dependencies": {
        "assign-gingerly": "0.0.55"
      }
    },
    "node_modules/roundabout-lib/node_modules/assign-gingerly": {
      "version": "0.0.55",
      "resolved": "https://registry.npmjs.org/assign-gingerly/-/assign-gingerly-0.0.55.tgz",
      "integrity": "sha512-4d6dmwOrqahM1OqPp6TpuGa/N80wm4qgb6Lo+wvUbGuIDvtuzZle+sYnzJYxw6Y4CHpGZI8BhNfRrr9qkTMsyA==",
      "license": "MIT"
    },
    "node_modules/spa-ssi": {
      "version": "0.0.27",
      "resolved": "https://registry.npmjs.org/spa-ssi/-/spa-ssi-0.0.27.tgz",
      "integrity": "sha512-bV/ChmBlGBQLyroDcng/PR5IeH9LokcNxMuoURE0vDy2NNkW7uFVofvQjLpUMW6IdlCACpOEJsAStACz2kB6iA==",
      "dev": true,
      "license": "MIT"
    }
  }
}
