{
  "name": "be-switched",
  "version": "0.0.121",
  "lockfileVersion": 3,
  "requires": true,
  "packages": {
    "": {
      "name": "be-switched",
      "version": "0.0.121",
      "license": "MIT",
      "dependencies": {
        "be-enhanced": "0.0.178",
        "be-hive": "0.0.259",
        "mount-observer": "0.0.58",
        "trans-render": "0.0.901"
      },
      "devDependencies": {
        "@playwright/test": "1.52.0",
        "ssi-server": "0.0.1"
      }
    },
    "node_modules/@playwright/test": {
      "version": "1.52.0",
      "resolved": "https://registry.npmjs.org/@playwright/test/-/test-1.52.0.tgz",
      "integrity": "sha512-uh6W7sb55hl7D6vsAeA+V2p5JnlAqzhqFyF0VcJkKZXkgnFcVG9PziERRHQfPLfNGx1C292a4JqbWzhR8L4R1g==",
      "dev": true,
      "license": "Apache-2.0",
      "dependencies": {
        "playwright": "1.52.0"
      },
      "bin": {
        "playwright": "cli.js"
      },
      "engines": {
        "node": ">=18"
      }
    },
    "node_modules/be-enhanced": {
      "version": "0.0.178",
      "resolved": "https://registry.npmjs.org/be-enhanced/-/be-enhanced-0.0.178.tgz",
      "integrity": "sha512-i8TAunFlcfkSkpo3WZk+1t6T8T9E4nekKCxdpVCtSbkCi57rgJnQU/RjyNE+JfCMR1ETOlC6xOh1AvTt/g3TBw==",
      "license": "MIT",
      "dependencies": {
        "trans-render": "0.0.900"
      }
    },
    "node_modules/be-enhanced/node_modules/mount-observer": {
      "version": "0.0.56",
      "resolved": "https://registry.npmjs.org/mount-observer/-/mount-observer-0.0.56.tgz",
      "integrity": "sha512-HvNao9nQq6V52/Ja98Z2934v7ruOB9DsbPZ0hP75Posn0/6K23yKTI61DOv8Ew/ku2Ogacqr2iod3eEBgZo0ag==",
      "license": "MIT"
    },
    "node_modules/be-enhanced/node_modules/trans-render": {
      "version": "0.0.900",
      "resolved": "https://registry.npmjs.org/trans-render/-/trans-render-0.0.900.tgz",
      "integrity": "sha512-CF8UceHwgTPqBCODFPudQ+CJnAyObUpYktruh9sl2/9z9vyfSyXPhKVtX85U2d4/4rPFt88AWFRz5f9zQKQu8A==",
      "license": "MIT",
      "dependencies": {
        "mount-observer": "0.0.56"
      }
    },
    "node_modules/be-hive": {
      "version": "0.0.259",
      "resolved": "https://registry.npmjs.org/be-hive/-/be-hive-0.0.259.tgz",
      "integrity": "sha512-2OXBPuHd4udPQ1XycgrdZ6hDvAxTU3zLlQQ4uQUy0DPsM7+E78a0xc2Z9sfeQSksk6a+MzUNjuufHFIj1QFZBA==",
      "license": "MIT",
      "dependencies": {
        "be-enhanced": "0.0.177",
        "mount-observer": "0.0.56",
        "trans-render": "0.0.900"
      }
    },
    "node_modules/be-hive/node_modules/be-enhanced": {
      "version": "0.0.177",
      "resolved": "https://registry.npmjs.org/be-enhanced/-/be-enhanced-0.0.177.tgz",
      "integrity": "sha512-5s90DoFXvxsaRx/TlmTgO5eH+/CiHBeFvAA6mIHnJ/IcfaoVKBhIL1Ql40HOviy/Np+yLVd0pPUmXK4H/9ZvpQ==",
      "license": "MIT",
      "dependencies": {
        "trans-render": "0.0.899"
      }
    },
    "node_modules/be-hive/node_modules/be-enhanced/node_modules/mount-observer": {
      "version": "0.0.55",
      "resolved": "https://registry.npmjs.org/mount-observer/-/mount-observer-0.0.55.tgz",
      "integrity": "sha512-ouA6p11mS0rF94+Hz/mCG17Ma4kclSDVzbtqtFNhK3++AEcQhdh1CAUQ2WomwQIRV8p8jkVjK6GvDGSoOpFEqQ==",
      "license": "MIT"
    },
    "node_modules/be-hive/node_modules/be-enhanced/node_modules/trans-render": {
      "version": "0.0.899",
      "resolved": "https://registry.npmjs.org/trans-render/-/trans-render-0.0.899.tgz",
      "integrity": "sha512-ipX/Nl5i1m7kc0rllpaFVXp7KNRuOKlNUpk012/KRya13tRrP15M3+IttzzSHSZumaeP40A/5u7/8cEjL84FuQ==",
      "license": "MIT",
      "dependencies": {
        "mount-observer": "0.0.55"
      }
    },
    "node_modules/be-hive/node_modules/mount-observer": {
      "version": "0.0.56",
      "resolved": "https://registry.npmjs.org/mount-observer/-/mount-observer-0.0.56.tgz",
      "integrity": "sha512-HvNao9nQq6V52/Ja98Z2934v7ruOB9DsbPZ0hP75Posn0/6K23yKTI61DOv8Ew/ku2Ogacqr2iod3eEBgZo0ag==",
      "license": "MIT"
    },
    "node_modules/be-hive/node_modules/trans-render": {
      "version": "0.0.900",
      "resolved": "https://registry.npmjs.org/trans-render/-/trans-render-0.0.900.tgz",
      "integrity": "sha512-CF8UceHwgTPqBCODFPudQ+CJnAyObUpYktruh9sl2/9z9vyfSyXPhKVtX85U2d4/4rPFt88AWFRz5f9zQKQu8A==",
      "license": "MIT",
      "dependencies": {
        "mount-observer": "0.0.56"
      }
    },
    "node_modules/fsevents": {
      "version": "2.3.2",
      "resolved": "https://registry.npmjs.org/fsevents/-/fsevents-2.3.2.tgz",
      "integrity": "sha512-xiqMQR4xAeHTuB9uWm+fFRcIOgKBMiOBP+eXiyT7jsgVCq1bkVygt00oASowB7EdtpOHaaPgKt812P9ab+DDKA==",
      "dev": true,
      "hasInstallScript": true,
      "license": "MIT",
      "optional": true,
      "os": [
        "darwin"
      ],
      "engines": {
        "node": "^8.16.0 || ^10.6.0 || >=11.0.0"
      }
    },
    "node_modules/mount-observer": {
      "version": "0.0.58",
      "resolved": "https://registry.npmjs.org/mount-observer/-/mount-observer-0.0.58.tgz",
      "integrity": "sha512-gNG5WRj/NCvyKz8ddZEkkmbvB3htJbm0jPVnrdqkCI8OFm93Gt3AVGBrBPADmxWEvUaoAm6OByB4kncWJjjQJQ==",
      "license": "MIT"
    },
    "node_modules/playwright": {
      "version": "1.52.0",
      "resolved": "https://registry.npmjs.org/playwright/-/playwright-1.52.0.tgz",
      "integrity": "sha512-JAwMNMBlxJ2oD1kce4KPtMkDeKGHQstdpFPcPH3maElAXon/QZeTvtsfXmTMRyO9TslfoYOXkSsvao2nE1ilTw==",
      "dev": true,
      "license": "Apache-2.0",
      "dependencies": {
        "playwright-core": "1.52.0"
      },
      "bin": {
        "playwright": "cli.js"
      },
      "engines": {
        "node": ">=18"
      },
      "optionalDependencies": {
        "fsevents": "2.3.2"
      }
    },
    "node_modules/playwright-core": {
      "version": "1.52.0",
      "resolved": "https://registry.npmjs.org/playwright-core/-/playwright-core-1.52.0.tgz",
      "integrity": "sha512-l2osTgLXSMeuLZOML9qYODUQoPPnUsKsb5/P6LJ2e6uPKXUdPK5WYhN4z03G+YNbWmGDY4YENauNu4ZKczreHg==",
      "dev": true,
      "license": "Apache-2.0",
      "bin": {
        "playwright-core": "cli.js"
      },
      "engines": {
        "node": ">=18"
      }
    },
    "node_modules/ssi-server": {
      "version": "0.0.1",
      "resolved": "https://registry.npmjs.org/ssi-server/-/ssi-server-0.0.1.tgz",
      "integrity": "sha512-HdgGAl+z7O0lq3Bl4cCnj4tKg7mG3rI4srKnaoPTHIzHO4QMMdvP9z6IDRz1fIpgLBMi6b6ZnvbYa2TSPjBhpg==",
      "dev": true,
      "license": "Apache-2.0"
    },
    "node_modules/trans-render": {
      "version": "0.0.901",
      "resolved": "https://registry.npmjs.org/trans-render/-/trans-render-0.0.901.tgz",
      "integrity": "sha512-x4yo8xFSDUJvNx+uE2/0ZVSjs/rgfJvNyx4TnplNSkyIWwDLk2hB+aI0luR7K7mGIw0+rcHdhiR7biVCVKlpdA==",
      "license": "MIT",
      "dependencies": {
        "mount-observer": "0.0.56"
      }
    },
    "node_modules/trans-render/node_modules/mount-observer": {
      "version": "0.0.56",
      "resolved": "https://registry.npmjs.org/mount-observer/-/mount-observer-0.0.56.tgz",
      "integrity": "sha512-HvNao9nQq6V52/Ja98Z2934v7ruOB9DsbPZ0hP75Posn0/6K23yKTI61DOv8Ew/ku2Ogacqr2iod3eEBgZo0ag==",
      "license": "MIT"
    }
  }
}
