{
  "name": "be-switched",
  "version": "0.0.114",
  "lockfileVersion": 3,
  "requires": true,
  "packages": {
    "": {
      "name": "be-switched",
      "version": "0.0.114",
      "license": "MIT",
      "dependencies": {
        "be-enhanced": "0.0.163",
        "be-hive": "0.0.243",
        "mount-observer": "0.0.39",
        "trans-render": "0.0.877"
      },
      "devDependencies": {
        "@playwright/test": "1.49.1",
        "ssi-server": "0.0.1"
      }
    },
    "node_modules/@playwright/test": {
      "version": "1.49.1",
      "resolved": "https://registry.npmjs.org/@playwright/test/-/test-1.49.1.tgz",
      "integrity": "sha512-Ky+BVzPz8pL6PQxHqNRW1k3mIyv933LML7HktS8uik0bUXNCdPhoS/kLihiO1tMf/egaJb4IutXd7UywvXEW+g==",
      "dev": true,
      "license": "Apache-2.0",
      "dependencies": {
        "playwright": "1.49.1"
      },
      "bin": {
        "playwright": "cli.js"
      },
      "engines": {
        "node": ">=18"
      }
    },
    "node_modules/be-enhanced": {
      "version": "0.0.163",
      "resolved": "https://registry.npmjs.org/be-enhanced/-/be-enhanced-0.0.163.tgz",
      "integrity": "sha512-K7I5U34XXrnuLLhKJqUqUag2Sn/9FMlQFVtMpbWDdz9+RCVMYDLebY02kefSfQ5eyadPJNJd2BUsNVSm4KKskg==",
      "license": "MIT",
      "dependencies": {
        "trans-render": "0.0.876"
      }
    },
    "node_modules/be-enhanced/node_modules/trans-render": {
      "version": "0.0.876",
      "resolved": "https://registry.npmjs.org/trans-render/-/trans-render-0.0.876.tgz",
      "integrity": "sha512-T05SpEY6nbSUQ9e+OEovIlTJJuho3PTHFljdeUSR2RUxSzblzP9HYCFlE/LtanIqCO/YoNX8fgKNXazJlTv+hQ==",
      "license": "MIT",
      "dependencies": {
        "mount-observer": "0.0.39"
      }
    },
    "node_modules/be-hive": {
      "version": "0.0.243",
      "resolved": "https://registry.npmjs.org/be-hive/-/be-hive-0.0.243.tgz",
      "integrity": "sha512-KWtm6+ffSdpwVuXLKUBd+uK8GUdwoSgMymeeGWDoejZpDXxYf68q7EKZXwHChFtkHCI6h4FYDpQ+xCIkP0F/Zw==",
      "license": "MIT",
      "dependencies": {
        "be-enhanced": "0.0.163",
        "mount-observer": "0.0.39",
        "trans-render": "0.0.876"
      }
    },
    "node_modules/be-hive/node_modules/trans-render": {
      "version": "0.0.876",
      "resolved": "https://registry.npmjs.org/trans-render/-/trans-render-0.0.876.tgz",
      "integrity": "sha512-T05SpEY6nbSUQ9e+OEovIlTJJuho3PTHFljdeUSR2RUxSzblzP9HYCFlE/LtanIqCO/YoNX8fgKNXazJlTv+hQ==",
      "license": "MIT",
      "dependencies": {
        "mount-observer": "0.0.39"
      }
    },
    "node_modules/fsevents": {
      "version": "2.3.2",
      "resolved": "https://registry.npmjs.org/fsevents/-/fsevents-2.3.2.tgz",
      "integrity": "sha512-xiqMQR4xAeHTuB9uWm+fFRcIOgKBMiOBP+eXiyT7jsgVCq1bkVygt00oASowB7EdtpOHaaPgKt812P9ab+DDKA==",
      "dev": true,
      "hasInstallScript": true,
      "license": "MIT",
      "optional": true,
      "os": [
        "darwin"
      ],
      "engines": {
        "node": "^8.16.0 || ^10.6.0 || >=11.0.0"
      }
    },
    "node_modules/mount-observer": {
      "version": "0.0.39",
      "resolved": "https://registry.npmjs.org/mount-observer/-/mount-observer-0.0.39.tgz",
      "integrity": "sha512-iyoMdQAE4luZfgXDf4zO6hiLd33w8tRAIdpJZVu30UAH2pwysjAqZOuPP0/fbcBUH3JBY6jVE8WlNHfc11gjNA==",
      "license": "MIT"
    },
    "node_modules/playwright": {
      "version": "1.49.1",
      "resolved": "https://registry.npmjs.org/playwright/-/playwright-1.49.1.tgz",
      "integrity": "sha512-VYL8zLoNTBxVOrJBbDuRgDWa3i+mfQgDTrL8Ah9QXZ7ax4Dsj0MSq5bYgytRnDVVe+njoKnfsYkH3HzqVj5UZA==",
      "dev": true,
      "license": "Apache-2.0",
      "dependencies": {
        "playwright-core": "1.49.1"
      },
      "bin": {
        "playwright": "cli.js"
      },
      "engines": {
        "node": ">=18"
      },
      "optionalDependencies": {
        "fsevents": "2.3.2"
      }
    },
    "node_modules/playwright-core": {
      "version": "1.49.1",
      "resolved": "https://registry.npmjs.org/playwright-core/-/playwright-core-1.49.1.tgz",
      "integrity": "sha512-BzmpVcs4kE2CH15rWfzpjzVGhWERJfmnXmniSyKeRZUs9Ws65m+RGIi7mjJK/euCegfn3i7jvqWeWyHe9y3Vgg==",
      "dev": true,
      "license": "Apache-2.0",
      "bin": {
        "playwright-core": "cli.js"
      },
      "engines": {
        "node": ">=18"
      }
    },
    "node_modules/ssi-server": {
      "version": "0.0.1",
      "resolved": "https://registry.npmjs.org/ssi-server/-/ssi-server-0.0.1.tgz",
      "integrity": "sha512-HdgGAl+z7O0lq3Bl4cCnj4tKg7mG3rI4srKnaoPTHIzHO4QMMdvP9z6IDRz1fIpgLBMi6b6ZnvbYa2TSPjBhpg==",
      "dev": true,
      "license": "Apache-2.0"
    },
    "node_modules/trans-render": {
      "version": "0.0.877",
      "resolved": "https://registry.npmjs.org/trans-render/-/trans-render-0.0.877.tgz",
      "integrity": "sha512-HwPpsGZ+ExHbct46yDGwFabL0eihzfsrT0Pwf6bZS616plxv2yfCfUZXAXz96gN89R6vIBskr1nj9/6u0/eeEg==",
      "license": "MIT",
      "dependencies": {
        "mount-observer": "0.0.39"
      }
    }
  }
}
